
Microsoft Visual Studio Solution File, Format Version 12.00
# Visual Studio Version 17
VisualStudioVersion = 17.4.33110.190
MinimumVisualStudioVersion = 10.0.40219.1
Project("{FAE04EC0-301F-11D3-BF4B-00C04F79EFBC}") = "GestionAtelier", "GestionAtelier\GestionAtelier.csproj", "{7B0ECA88-22D4-49A6-B1C8-3B5E6012D5ED}"
EndProject
Global
	GlobalSection(SolutionConfigurationPlatforms) = preSolution
		Debug|Any CPU = Debug|Any CPU
		Release|Any CPU = Release|Any CPU
	EndGlobalSection
	GlobalSection(ProjectConfigurationPlatforms) = postSolution
		{7B0ECA88-22D4-49A6-B1C8-3B5E6012D5ED}.Debug|Any CPU.ActiveCfg = Debug|Any CPU
		{7B0ECA88-22D4-49A6-B1C8-3B5E6012D5ED}.Debug|Any CPU.Build.0 = Debug|Any CPU
		{7B0ECA88-22D4-49A6-B1C8-3B5E6012D5ED}.Release|Any CPU.ActiveCfg = Release|Any CPU
		{7B0ECA88-22D4-49A6-B1C8-3B5E6012D5ED}.Release|Any CPU.Build.0 = Release|Any CPU
	EndGlobalSection
	GlobalSection(SolutionProperties) = preSolution
		HideSolutionNode = FALSE
	EndGlobalSection
	GlobalSection(ExtensibilityGlobals) = postSolution
		SolutionGuid = {517D3F2B-11F5-4916-AB5A-92E7F292FB5A}
	EndGlobalSection
EndGlobal
